<Solution>
  <Project Path="OrderDetailsService/OrderDetailsService.csproj" />
  <Project Path="OrderService/OrderService.csproj" Id="93df0a06-8cb5-4939-8881-95da900aafba" />
  <Project Path="PaymentService/PaymentService.csproj" />
  <Project Path="Shared.Messages/Shared.Messages.csproj" />
</Solution>
